# THIS IS AN AUTOGENERATED FILE. DO NOT EDIT THIS FILE DIRECTLY.
# yarn lockfile v1


"@types/ramda@^0.29.10":
  version "0.29.10"
  resolved "https://registry.npmjs.org/@types/ramda/-/ramda-0.29.10.tgz"
  integrity sha512-0BzWVKtSEtignlk+XBuK88Il5wzQwbRVfEkzE8iKm02NYHMGQ/9ffB05M+zXhTCqo50DOIAT9pNSJsjFMMG4rQ==
  dependencies:
    types-ramda "^0.29.7"

ramda@^0.29.1:
  version "0.29.1"
  resolved "https://registry.npmjs.org/ramda/-/ramda-0.29.1.tgz"
  integrity sha512-OfxIeWzd4xdUNxlWhgFazxsA/nl3mS4/jGZI5n00uWOoSSFRhC1b6gl6xvmzUamgmqELraWp0J/qqVlXYPDPyA==

ts-toolbelt@^9.6.0:
  version "9.6.0"
  resolved "https://registry.npmjs.org/ts-toolbelt/-/ts-toolbelt-9.6.0.tgz"
  integrity sha512-nsZd8ZeNUzukXPlJmTBwUAuABDe/9qtVDelJeT/qW0ow3ZS3BsQJtNkan1802aM9Uf68/Y8ljw86Hu0h5IUW3w==

tson-patch@^1.0.1:
  version "1.0.1"
  resolved "https://registry.npmjs.org/tson-patch/-/tson-patch-1.0.1.tgz"
  integrity sha512-ZvJ/qJ4umtMUGbC+a4gDW3bU6Uyoy6jflLqVKtObqcmpT3C4b+dX8ZCV2YjuKCtAEpCZrsPw/XQGJSFoearvTA==
  dependencies:
    "@types/ramda" "^0.29.10"
    ramda "^0.29.1"

types-ramda@^0.29.7:
  version "0.29.7"
  resolved "https://registry.npmjs.org/types-ramda/-/types-ramda-0.29.7.tgz"
  integrity sha512-8KBxZGJwUF3MpRkkJauSpvfHXk8Ssq15QXGuCBTDGeKd9PfheokkC3wAKRV3djej9O31Qa5M7Owsg8hF0GjtAw==
  dependencies:
    ts-toolbelt "^9.6.0"

typescript@^5.3.3:
  version "5.3.3"
  resolved "https://registry.npmjs.org/typescript/-/typescript-5.3.3.tgz"
  integrity sha512-pXWcraxM0uxAS+tN0AG/BF2TyqmHO014Z070UsJ+pFvYuRSq8KH8DmWpnbXe0pEPDHXZV3FcAbJkijJ5oNEnWw==
